
Microsoft Visual Studio Solution File, Format Version 12.00
# Visual Studio 14
VisualStudioVersion = 14.0.25123.0
MinimumVisualStudioVersion = 10.0.40219.1
Project("{FAE04EC0-301F-11D3-BF4B-00C04F79EFBC}") = "ToDo.Web", "ToDo.Web\ToDo.Web.csproj", "{2B5B412C-923B-485C-99D4-538310398946}"
	ProjectSection(ProjectDependencies) = postProject
		{47B0C22E-919B-48F0-93AE-19BA2BF018E5} = {47B0C22E-919B-48F0-93AE-19BA2BF018E5}
	EndProjectSection
EndProject
Project("{FAE04EC0-301F-11D3-BF4B-00C04F79EFBC}") = "ToDo.WCF", "ToDo.WCF\ToDo.WCF.csproj", "{47B0C22E-919B-48F0-93AE-19BA2BF018E5}"
EndProject
Project("{FAE04EC0-301F-11D3-BF4B-00C04F79EFBC}") = "ToDo.DA", "ToDo.DA\ToDo.DA.csproj", "{AB4F2B7B-76C2-47AA-8179-D7F9875087CD}"
EndProject
Project("{FAE04EC0-301F-11D3-BF4B-00C04F79EFBC}") = "ToDo.Core", "ToDo.Core\ToDo.Core.csproj", "{0F611A54-B897-4229-B95E-94A3973D0CD1}"
EndProject
Project("{FAE04EC0-301F-11D3-BF4B-00C04F79EFBC}") = "ToDo.Entity", "ToDo.Entity\ToDo.Entity.csproj", "{553617CC-1EF5-41C9-BAB0-1FCD66235AA8}"
EndProject
Project("{FAE04EC0-301F-11D3-BF4B-00C04F79EFBC}") = "ToDo.MVC", "ToDo.MVC\ToDo.MVC.csproj", "{57300DCC-C8E2-41C5-A592-74A992D6DDB5}"
	ProjectSection(ProjectDependencies) = postProject
		{47B0C22E-919B-48F0-93AE-19BA2BF018E5} = {47B0C22E-919B-48F0-93AE-19BA2BF018E5}
	EndProjectSection
EndProject
Project("{2150E333-8FDC-42A3-9474-1A3956D46DE8}") = "Domain", "Domain", "{459581C7-FF12-4E23-A7E6-359DF6986508}"
EndProject
Project("{2150E333-8FDC-42A3-9474-1A3956D46DE8}") = "ToDoUI", "ToDoUI", "{76064B53-0058-47A6-8753-FE3EABF5D992}"
EndProject
Project("{2150E333-8FDC-42A3-9474-1A3956D46DE8}") = "ToDoWCF", "ToDoWCF", "{68CD1533-3621-4D65-8276-1E35A16BE043}"
EndProject
Project("{FAE04EC0-301F-11D3-BF4B-00C04F79EFBC}") = "ToDo.BusinessTier", "ToDo.BusinessTier\ToDo.BusinessTier.csproj", "{2D48F787-E191-40EA-B801-11DED5D9C54B}"
EndProject
Global
	GlobalSection(SolutionConfigurationPlatforms) = preSolution
		Debug|Any CPU = Debug|Any CPU
		Release|Any CPU = Release|Any CPU
	EndGlobalSection
	GlobalSection(ProjectConfigurationPlatforms) = postSolution
		{2B5B412C-923B-485C-99D4-538310398946}.Debug|Any CPU.ActiveCfg = Debug|Any CPU
		{2B5B412C-923B-485C-99D4-538310398946}.Debug|Any CPU.Build.0 = Debug|Any CPU
		{2B5B412C-923B-485C-99D4-538310398946}.Release|Any CPU.ActiveCfg = Release|Any CPU
		{2B5B412C-923B-485C-99D4-538310398946}.Release|Any CPU.Build.0 = Release|Any CPU
		{47B0C22E-919B-48F0-93AE-19BA2BF018E5}.Debug|Any CPU.ActiveCfg = Debug|Any CPU
		{47B0C22E-919B-48F0-93AE-19BA2BF018E5}.Debug|Any CPU.Build.0 = Debug|Any CPU
		{47B0C22E-919B-48F0-93AE-19BA2BF018E5}.Release|Any CPU.ActiveCfg = Release|Any CPU
		{47B0C22E-919B-48F0-93AE-19BA2BF018E5}.Release|Any CPU.Build.0 = Release|Any CPU
		{AB4F2B7B-76C2-47AA-8179-D7F9875087CD}.Debug|Any CPU.ActiveCfg = Debug|Any CPU
		{AB4F2B7B-76C2-47AA-8179-D7F9875087CD}.Debug|Any CPU.Build.0 = Debug|Any CPU
		{AB4F2B7B-76C2-47AA-8179-D7F9875087CD}.Release|Any CPU.ActiveCfg = Release|Any CPU
		{AB4F2B7B-76C2-47AA-8179-D7F9875087CD}.Release|Any CPU.Build.0 = Release|Any CPU
		{0F611A54-B897-4229-B95E-94A3973D0CD1}.Debug|Any CPU.ActiveCfg = Debug|Any CPU
		{0F611A54-B897-4229-B95E-94A3973D0CD1}.Debug|Any CPU.Build.0 = Debug|Any CPU
		{0F611A54-B897-4229-B95E-94A3973D0CD1}.Release|Any CPU.ActiveCfg = Release|Any CPU
		{0F611A54-B897-4229-B95E-94A3973D0CD1}.Release|Any CPU.Build.0 = Release|Any CPU
		{553617CC-1EF5-41C9-BAB0-1FCD66235AA8}.Debug|Any CPU.ActiveCfg = Debug|Any CPU
		{553617CC-1EF5-41C9-BAB0-1FCD66235AA8}.Debug|Any CPU.Build.0 = Debug|Any CPU
		{553617CC-1EF5-41C9-BAB0-1FCD66235AA8}.Release|Any CPU.ActiveCfg = Release|Any CPU
		{553617CC-1EF5-41C9-BAB0-1FCD66235AA8}.Release|Any CPU.Build.0 = Release|Any CPU
		{57300DCC-C8E2-41C5-A592-74A992D6DDB5}.Debug|Any CPU.ActiveCfg = Debug|Any CPU
		{57300DCC-C8E2-41C5-A592-74A992D6DDB5}.Debug|Any CPU.Build.0 = Debug|Any CPU
		{57300DCC-C8E2-41C5-A592-74A992D6DDB5}.Release|Any CPU.ActiveCfg = Release|Any CPU
		{57300DCC-C8E2-41C5-A592-74A992D6DDB5}.Release|Any CPU.Build.0 = Release|Any CPU
		{2D48F787-E191-40EA-B801-11DED5D9C54B}.Debug|Any CPU.ActiveCfg = Debug|Any CPU
		{2D48F787-E191-40EA-B801-11DED5D9C54B}.Debug|Any CPU.Build.0 = Debug|Any CPU
		{2D48F787-E191-40EA-B801-11DED5D9C54B}.Release|Any CPU.ActiveCfg = Release|Any CPU
		{2D48F787-E191-40EA-B801-11DED5D9C54B}.Release|Any CPU.Build.0 = Release|Any CPU
	EndGlobalSection
	GlobalSection(SolutionProperties) = preSolution
		HideSolutionNode = FALSE
	EndGlobalSection
	GlobalSection(NestedProjects) = preSolution
		{47B0C22E-919B-48F0-93AE-19BA2BF018E5} = {68CD1533-3621-4D65-8276-1E35A16BE043}
		{AB4F2B7B-76C2-47AA-8179-D7F9875087CD} = {459581C7-FF12-4E23-A7E6-359DF6986508}
		{0F611A54-B897-4229-B95E-94A3973D0CD1} = {459581C7-FF12-4E23-A7E6-359DF6986508}
		{553617CC-1EF5-41C9-BAB0-1FCD66235AA8} = {459581C7-FF12-4E23-A7E6-359DF6986508}
		{57300DCC-C8E2-41C5-A592-74A992D6DDB5} = {76064B53-0058-47A6-8753-FE3EABF5D992}
		{2D48F787-E191-40EA-B801-11DED5D9C54B} = {459581C7-FF12-4E23-A7E6-359DF6986508}
	EndGlobalSection
EndGlobal
