
Microsoft Visual Studio Solution File, Format Version 11.00
# Visual Studio 2010
Project("{FAE04EC0-301F-11D3-BF4B-00C04F79EFBC}") = "ToDo.Web", "ToDo.Web\ToDo.Web.csproj", "{2B5B412C-923B-485C-99D4-538310398946}"
	ProjectSection(ProjectDependencies) = postProject
		{47B0C22E-919B-48F0-93AE-19BA2BF018E5} = {47B0C22E-919B-48F0-93AE-19BA2BF018E5}
	EndProjectSection
EndProject
Project("{FAE04EC0-301F-11D3-BF4B-00C04F79EFBC}") = "ToDo.WCF", "ToDo.WCF\ToDo.WCF.csproj", "{47B0C22E-919B-48F0-93AE-19BA2BF018E5}"
EndProject
Project("{FAE04EC0-301F-11D3-BF4B-00C04F79EFBC}") = "ToDo.DA", "ToDo.DA\ToDo.DA.csproj", "{AB4F2B7B-76C2-47AA-8179-D7F9875087CD}"
EndProject
Project("{FAE04EC0-301F-11D3-BF4B-00C04F79EFBC}") = "ToDo.Core", "ToDo.Core\ToDo.Core.csproj", "{0F611A54-B897-4229-B95E-94A3973D0CD1}"
EndProject
Project("{FAE04EC0-301F-11D3-BF4B-00C04F79EFBC}") = "ToDo.Entity", "ToDo.Entity\ToDo.Entity.csproj", "{553617CC-1EF5-41C9-BAB0-1FCD66235AA8}"
EndProject
Global
	GlobalSection(SolutionConfigurationPlatforms) = preSolution
		Debug|Any CPU = Debug|Any CPU
		Release|Any CPU = Release|Any CPU
	EndGlobalSection
	GlobalSection(ProjectConfigurationPlatforms) = postSolution
		{2B5B412C-923B-485C-99D4-538310398946}.Debug|Any CPU.ActiveCfg = Debug|Any CPU
		{2B5B412C-923B-485C-99D4-538310398946}.Debug|Any CPU.Build.0 = Debug|Any CPU
		{2B5B412C-923B-485C-99D4-538310398946}.Release|Any CPU.ActiveCfg = Release|Any CPU
		{2B5B412C-923B-485C-99D4-538310398946}.Release|Any CPU.Build.0 = Release|Any CPU
		{47B0C22E-919B-48F0-93AE-19BA2BF018E5}.Debug|Any CPU.ActiveCfg = Debug|Any CPU
		{47B0C22E-919B-48F0-93AE-19BA2BF018E5}.Debug|Any CPU.Build.0 = Debug|Any CPU
		{47B0C22E-919B-48F0-93AE-19BA2BF018E5}.Release|Any CPU.ActiveCfg = Release|Any CPU
		{47B0C22E-919B-48F0-93AE-19BA2BF018E5}.Release|Any CPU.Build.0 = Release|Any CPU
		{AB4F2B7B-76C2-47AA-8179-D7F9875087CD}.Debug|Any CPU.ActiveCfg = Debug|Any CPU
		{AB4F2B7B-76C2-47AA-8179-D7F9875087CD}.Debug|Any CPU.Build.0 = Debug|Any CPU
		{AB4F2B7B-76C2-47AA-8179-D7F9875087CD}.Release|Any CPU.ActiveCfg = Release|Any CPU
		{AB4F2B7B-76C2-47AA-8179-D7F9875087CD}.Release|Any CPU.Build.0 = Release|Any CPU
		{0F611A54-B897-4229-B95E-94A3973D0CD1}.Debug|Any CPU.ActiveCfg = Debug|Any CPU
		{0F611A54-B897-4229-B95E-94A3973D0CD1}.Debug|Any CPU.Build.0 = Debug|Any CPU
		{0F611A54-B897-4229-B95E-94A3973D0CD1}.Release|Any CPU.ActiveCfg = Release|Any CPU
		{0F611A54-B897-4229-B95E-94A3973D0CD1}.Release|Any CPU.Build.0 = Release|Any CPU
		{553617CC-1EF5-41C9-BAB0-1FCD66235AA8}.Debug|Any CPU.ActiveCfg = Debug|Any CPU
		{553617CC-1EF5-41C9-BAB0-1FCD66235AA8}.Debug|Any CPU.Build.0 = Debug|Any CPU
		{553617CC-1EF5-41C9-BAB0-1FCD66235AA8}.Release|Any CPU.ActiveCfg = Release|Any CPU
		{553617CC-1EF5-41C9-BAB0-1FCD66235AA8}.Release|Any CPU.Build.0 = Release|Any CPU
	EndGlobalSection
	GlobalSection(SolutionProperties) = preSolution
		HideSolutionNode = FALSE
	EndGlobalSection
EndGlobal
